
Microsoft Visual Studio Solution File, Format Version 12.00
# Visual Studio Version 17
VisualStudioVersion = 17.10.35122.118
MinimumVisualStudioVersion = 10.0.40219.1
Project("{FAE04EC0-301F-11D3-BF4B-00C04F79EFBC}") = "MyFirstWebAPIProject", "MyFirstWebAPIProject\MyFirstWebAPIProject.csproj", "{F7373389-333D-423E-A0A8-520CC05291FC}"
EndProject
Global
	GlobalSection(SolutionConfigurationPlatforms) = preSolution
		Debug|Any CPU = Debug|Any CPU
		Release|Any CPU = Release|Any CPU
	EndGlobalSection
	GlobalSection(ProjectConfigurationPlatforms) = postSolution
		{F7373389-333D-423E-A0A8-520CC05291FC}.Debug|Any CPU.ActiveCfg = Debug|Any CPU
		{F7373389-333D-423E-A0A8-520CC05291FC}.Debug|Any CPU.Build.0 = Debug|Any CPU
		{F7373389-333D-423E-A0A8-520CC05291FC}.Release|Any CPU.ActiveCfg = Release|Any CPU
		{F7373389-333D-423E-A0A8-520CC05291FC}.Release|Any CPU.Build.0 = Release|Any CPU
	EndGlobalSection
	GlobalSection(SolutionProperties) = preSolution
		HideSolutionNode = FALSE
	EndGlobalSection
	GlobalSection(ExtensibilityGlobals) = postSolution
		SolutionGuid = {5E234D02-C05C-499E-B2DA-F3C3BBD1D925}
	EndGlobalSection
EndGlobal
